
Microsoft Visual Studio Solution File, Format Version 12.00
# Visual Studio 15
VisualStudioVersion = 15.0.26730.16
MinimumVisualStudioVersion = 10.0.40219.1
Project("{9A19103F-16F7-4668-BE54-9A1E7A4F7556}") = "Halforbit.MessageQueues", "Halforbit.MessageQueues\Halforbit.MessageQueues.csproj", "{CE969BBD-4F99-4CBE-99D0-055874EDC992}"
EndProject
Project("{9A19103F-16F7-4668-BE54-9A1E7A4F7556}") = "Halforbit.MessageQueues.AzureStorage", "Halforbit.MessageQueues.AzureStorage\Halforbit.MessageQueues.AzureStorage.csproj", "{E3F78040-ADB6-444D-9816-3642346BDB06}"
EndProject
Project("{9A19103F-16F7-4668-BE54-9A1E7A4F7556}") = "Halforbit.MessageQueues.AzureStorage.Tests", "Halforbit.MessageQueues.AzureStorage.Tests\Halforbit.MessageQueues.AzureStorage.Tests.csproj", "{51F8B56D-EDDB-4E46-953B-AEA558B95249}"
EndProject
Global
	GlobalSection(SolutionConfigurationPlatforms) = preSolution
		Debug|Any CPU = Debug|Any CPU
		Release|Any CPU = Release|Any CPU
	EndGlobalSection
	GlobalSection(ProjectConfigurationPlatforms) = postSolution
		{CE969BBD-4F99-4CBE-99D0-055874EDC992}.Debug|Any CPU.ActiveCfg = Debug|Any CPU
		{CE969BBD-4F99-4CBE-99D0-055874EDC992}.Debug|Any CPU.Build.0 = Debug|Any CPU
		{CE969BBD-4F99-4CBE-99D0-055874EDC992}.Release|Any CPU.ActiveCfg = Release|Any CPU
		{CE969BBD-4F99-4CBE-99D0-055874EDC992}.Release|Any CPU.Build.0 = Release|Any CPU
		{E3F78040-ADB6-444D-9816-3642346BDB06}.Debug|Any CPU.ActiveCfg = Debug|Any CPU
		{E3F78040-ADB6-444D-9816-3642346BDB06}.Debug|Any CPU.Build.0 = Debug|Any CPU
		{E3F78040-ADB6-444D-9816-3642346BDB06}.Release|Any CPU.ActiveCfg = Release|Any CPU
		{E3F78040-ADB6-444D-9816-3642346BDB06}.Release|Any CPU.Build.0 = Release|Any CPU
		{51F8B56D-EDDB-4E46-953B-AEA558B95249}.Debug|Any CPU.ActiveCfg = Debug|Any CPU
		{51F8B56D-EDDB-4E46-953B-AEA558B95249}.Debug|Any CPU.Build.0 = Debug|Any CPU
		{51F8B56D-EDDB-4E46-953B-AEA558B95249}.Release|Any CPU.ActiveCfg = Release|Any CPU
		{51F8B56D-EDDB-4E46-953B-AEA558B95249}.Release|Any CPU.Build.0 = Release|Any CPU
	EndGlobalSection
	GlobalSection(SolutionProperties) = preSolution
		HideSolutionNode = FALSE
	EndGlobalSection
	GlobalSection(ExtensibilityGlobals) = postSolution
		SolutionGuid = {79ACB3C2-B67D-454D-B2FF-81A4E2419B44}
	EndGlobalSection
EndGlobal
